
Microsoft Visual Studio Solution File, Format Version 12.00
# Visual Studio Version 16
VisualStudioVersion = 16.0.31313.79
MinimumVisualStudioVersion = 10.0.40219.1
Project("{FAE04EC0-301F-11D3-BF4B-00C04F79EFBC}") = "SalesDBandController", "SalesDBandController\SalesDBandController.csproj", "{331B3A39-5469-4029-856E-D68C2C1259E5}"
EndProject
Project("{FAE04EC0-301F-11D3-BF4B-00C04F79EFBC}") = "SalesDBandCntrlLib", "SalesDBandCntrlLib\SalesDBandCntrlLib.csproj", "{2D0BBD7D-0D4F-44FA-B61D-E9A749D1BE06}"
EndProject
Global
	GlobalSection(SolutionConfigurationPlatforms) = preSolution
		Debug|Any CPU = Debug|Any CPU
		Release|Any CPU = Release|Any CPU
	EndGlobalSection
	GlobalSection(ProjectConfigurationPlatforms) = postSolution
		{331B3A39-5469-4029-856E-D68C2C1259E5}.Debug|Any CPU.ActiveCfg = Debug|Any CPU
		{331B3A39-5469-4029-856E-D68C2C1259E5}.Debug|Any CPU.Build.0 = Debug|Any CPU
		{331B3A39-5469-4029-856E-D68C2C1259E5}.Release|Any CPU.ActiveCfg = Release|Any CPU
		{331B3A39-5469-4029-856E-D68C2C1259E5}.Release|Any CPU.Build.0 = Release|Any CPU
		{2D0BBD7D-0D4F-44FA-B61D-E9A749D1BE06}.Debug|Any CPU.ActiveCfg = Debug|Any CPU
		{2D0BBD7D-0D4F-44FA-B61D-E9A749D1BE06}.Debug|Any CPU.Build.0 = Debug|Any CPU
		{2D0BBD7D-0D4F-44FA-B61D-E9A749D1BE06}.Release|Any CPU.ActiveCfg = Release|Any CPU
		{2D0BBD7D-0D4F-44FA-B61D-E9A749D1BE06}.Release|Any CPU.Build.0 = Release|Any CPU
	EndGlobalSection
	GlobalSection(SolutionProperties) = preSolution
		HideSolutionNode = FALSE
	EndGlobalSection
	GlobalSection(ExtensibilityGlobals) = postSolution
		SolutionGuid = {6B024AA8-22AC-4A21-8FD0-E419F5B26B5A}
	EndGlobalSection
EndGlobal
